
Microsoft Visual Studio Solution File, Format Version 12.00
# Visual Studio 2017
Project("{FAE04EC0-301F-11D3-BF4B-00C04F79EFBC}") = "Secrets of Wardungeon", "Secrets of Wardungeon.csproj", "{3587B0F0-AACC-D103-9DF1-6CDDACE880CF}"
EndProject
Project("{FAE04EC0-301F-11D3-BF4B-00C04F79EFBC}") = "Secrets of Wardungeon.Editor", "Secrets of Wardungeon.Editor.csproj", "{07595F13-D19A-EFCD-CF5A-E00E09CD8D31}"
EndProject
Global
	GlobalSection(SolutionConfigurationPlatforms) = preSolution
		Debug|Any CPU = Debug|Any CPU
		Release|Any CPU = Release|Any CPU
	EndGlobalSection
	GlobalSection(ProjectConfigurationPlatforms) = postSolution
		{3587B0F0-AACC-D103-9DF1-6CDDACE880CF}.Debug|Any CPU.ActiveCfg = Debug|Any CPU
		{3587B0F0-AACC-D103-9DF1-6CDDACE880CF}.Debug|Any CPU.Build.0 = Debug|Any CPU
		{3587B0F0-AACC-D103-9DF1-6CDDACE880CF}.Release|Any CPU.ActiveCfg = Release|Any CPU
		{3587B0F0-AACC-D103-9DF1-6CDDACE880CF}.Release|Any CPU.Build.0 = Release|Any CPU
		{07595F13-D19A-EFCD-CF5A-E00E09CD8D31}.Debug|Any CPU.ActiveCfg = Debug|Any CPU
		{07595F13-D19A-EFCD-CF5A-E00E09CD8D31}.Debug|Any CPU.Build.0 = Debug|Any CPU
		{07595F13-D19A-EFCD-CF5A-E00E09CD8D31}.Release|Any CPU.ActiveCfg = Release|Any CPU
		{07595F13-D19A-EFCD-CF5A-E00E09CD8D31}.Release|Any CPU.Build.0 = Release|Any CPU
	EndGlobalSection
	GlobalSection(SolutionProperties) = preSolution
		HideSolutionNode = FALSE
	EndGlobalSection
EndGlobal
