
Microsoft Visual Studio Solution File, Format Version 11.00
# Visual Studio 2010
Project("{FAE04EC0-301F-11D3-BF4B-00C04F79EFBC}") = "Secrets_of_Wardungeon", "Assembly-CSharp.csproj", "{9003D511-376A-3893-88DF-86FE358F4537}"
EndProject
Project("{FAE04EC0-301F-11D3-BF4B-00C04F79EFBC}") = "Secrets_of_Wardungeon", "Assembly-CSharp-Editor.csproj", "{F133EF70-0A90-27F1-038F-9DD01AF5E891}"
EndProject
Global
	GlobalSection(SolutionConfigurationPlatforms) = preSolution
		Debug|Any CPU = Debug|Any CPU
		Release|Any CPU = Release|Any CPU
	EndGlobalSection
	GlobalSection(ProjectConfigurationPlatforms) = postSolution
		{9003D511-376A-3893-88DF-86FE358F4537}.Debug|Any CPU.ActiveCfg = Debug|Any CPU
		{9003D511-376A-3893-88DF-86FE358F4537}.Debug|Any CPU.Build.0 = Debug|Any CPU
		{9003D511-376A-3893-88DF-86FE358F4537}.Release|Any CPU.ActiveCfg = Release|Any CPU
		{9003D511-376A-3893-88DF-86FE358F4537}.Release|Any CPU.Build.0 = Release|Any CPU
		{F133EF70-0A90-27F1-038F-9DD01AF5E891}.Debug|Any CPU.ActiveCfg = Debug|Any CPU
		{F133EF70-0A90-27F1-038F-9DD01AF5E891}.Debug|Any CPU.Build.0 = Debug|Any CPU
		{F133EF70-0A90-27F1-038F-9DD01AF5E891}.Release|Any CPU.ActiveCfg = Release|Any CPU
		{F133EF70-0A90-27F1-038F-9DD01AF5E891}.Release|Any CPU.Build.0 = Release|Any CPU
	EndGlobalSection
	GlobalSection(SolutionProperties) = preSolution
		HideSolutionNode = FALSE
	EndGlobalSection
	GlobalSection(MonoDevelopProperties) = preSolution
		StartupItem = Assembly-CSharp.csproj
	EndGlobalSection
EndGlobal
